
Microsoft Visual Studio Solution File, Format Version 12.00
# Visual Studio Version 17
VisualStudioVersion = 17.8.34408.163
MinimumVisualStudioVersion = 10.0.40219.1
Project("{FAE04EC0-301F-11D3-BF4B-00C04F79EFBC}") = "feb6", "feb6\feb6.csproj", "{3ABBEFF8-6372-4BB4-BE78-19ED5632891D}"
EndProject
Global
	GlobalSection(SolutionConfigurationPlatforms) = preSolution
		Debug|Any CPU = Debug|Any CPU
		Release|Any CPU = Release|Any CPU
	EndGlobalSection
	GlobalSection(ProjectConfigurationPlatforms) = postSolution
		{3ABBEFF8-6372-4BB4-BE78-19ED5632891D}.Debug|Any CPU.ActiveCfg = Debug|Any CPU
		{3ABBEFF8-6372-4BB4-BE78-19ED5632891D}.Debug|Any CPU.Build.0 = Debug|Any CPU
		{3ABBEFF8-6372-4BB4-BE78-19ED5632891D}.Release|Any CPU.ActiveCfg = Release|Any CPU
		{3ABBEFF8-6372-4BB4-BE78-19ED5632891D}.Release|Any CPU.Build.0 = Release|Any CPU
	EndGlobalSection
	GlobalSection(SolutionProperties) = preSolution
		HideSolutionNode = FALSE
	EndGlobalSection
	GlobalSection(ExtensibilityGlobals) = postSolution
		SolutionGuid = {1B115DDB-F881-42F4-AFF2-38D16558C4D7}
	EndGlobalSection
EndGlobal
